<?xml version="1.0" encoding="UTF-8"?>
<Scheme
   version = "1.7">
   <BuildAction
      parallelizeBuildables = "YES"
      buildImplicitDependencies = "YES">
      <PostActions>
         <ExecutionAction
            ActionType = "Xcode.IDEStandardExecutionActionsCore.ExecutionActionType.ShellScriptAction">
            <ActionContent
               title = "Run Script"
               scriptText = "# Do nothing unless we are running from the command line&#10;if [ &quot;$FRUITSTRAP_CLI&quot; = &quot;&quot; ]; then&#10;exit 0&#10;fi&#10;&#10;echo &quot;******************&quot;&#10;echo &quot;Installing app to device using fruitstrap...&quot;&#10;echo &quot;Workspace location: $SRCROOT&quot;&#10;echo &quot;Install location: $TARGET_BUILD_DIR/$FULL_PRODUCT_NAME&quot;&#10;echo &quot;******************&quot;&#10;&#10;cd $SRCROOT&#10;for DEVICE_ID in `bin/iphone_detect | uniq`; do&#10;  echo &quot;----------------&quot;&#10;  echo &quot;Installing $TARGET_BUILD_DIR/$FULL_PRODUCT_NAME on $DEVICE_ID&quot;&#10;  echo &quot;bin/fruitstrap \&quot;$TARGET_BUILD_DIR/$FULL_PRODUCT_NAME\&quot;&quot;&#10;  bin/fruitstrap &quot;$TARGET_BUILD_DIR/$FULL_PRODUCT_NAME&quot; $DEVICE_ID&#10;  echo &quot;----------------&quot;&#10;done&#10;&#10;echo &quot;******************&quot;">
               <EnvironmentBuildable>
                  <BuildableReference
                     BuildableIdentifier = "primary"
                     BlueprintIdentifier = "C95EC1BB1464BD390058E3BE"
                     BuildableName = "fruitstrap-demo.app"
                     BlueprintName = "fruitstrap-demo"
                     ReferencedContainer = "container:fruitstrap-demo.xcodeproj">
                  </BuildableReference>
               </EnvironmentBuildable>
            </ActionContent>
         </ExecutionAction>
      </PostActions>
      <BuildActionEntries>
         <BuildActionEntry
            buildForTesting = "YES"
            buildForRunning = "YES"
            buildForProfiling = "YES"
            buildForArchiving = "YES"
            buildForAnalyzing = "YES">
            <BuildableReference
               BuildableIdentifier = "primary"
               BlueprintIdentifier = "C95EC1BB1464BD390058E3BE"
               BuildableName = "fruitstrap-demo.app"
               BlueprintName = "fruitstrap-demo"
               ReferencedContainer = "container:fruitstrap-demo.xcodeproj">
            </BuildableReference>
         </BuildActionEntry>
      </BuildActionEntries>
   </BuildAction>
   <TestAction
      selectedDebuggerIdentifier = "Xcode.DebuggerFoundation.Debugger.GDB"
      selectedLauncherIdentifier = "Xcode.DebuggerFoundation.Launcher.GDB"
      shouldUseLaunchSchemeArgsEnv = "YES"
      buildConfiguration = "Debug">
      <Testables>
         <TestableReference
            skipped = "NO">
            <BuildableReference
               BuildableIdentifier = "primary"
               BlueprintIdentifier = "C95EC1DC1464BD390058E3BE"
               BuildableName = "fruitstrap-demoTests.octest"
               BlueprintName = "fruitstrap-demoTests"
               ReferencedContainer = "container:fruitstrap-demo.xcodeproj">
            </BuildableReference>
         </TestableReference>
      </Testables>
      <MacroExpansion>
         <BuildableReference
            BuildableIdentifier = "primary"
            BlueprintIdentifier = "C95EC1BB1464BD390058E3BE"
            BuildableName = "fruitstrap-demo.app"
            BlueprintName = "fruitstrap-demo"
            ReferencedContainer = "container:fruitstrap-demo.xcodeproj">
         </BuildableReference>
      </MacroExpansion>
   </TestAction>
   <LaunchAction
      selectedDebuggerIdentifier = "Xcode.DebuggerFoundation.Debugger.GDB"
      selectedLauncherIdentifier = "Xcode.DebuggerFoundation.Launcher.GDB"
      launchStyle = "0"
      useCustomWorkingDirectory = "NO"
      buildConfiguration = "Debug"
      debugDocumentVersioning = "YES"
      allowLocationSimulation = "YES">
      <BuildableProductRunnable>
         <BuildableReference
            BuildableIdentifier = "primary"
            BlueprintIdentifier = "C95EC1BB1464BD390058E3BE"
            BuildableName = "fruitstrap-demo.app"
            BlueprintName = "fruitstrap-demo"
            ReferencedContainer = "container:fruitstrap-demo.xcodeproj">
         </BuildableReference>
      </BuildableProductRunnable>
      <AdditionalOptions>
      </AdditionalOptions>
   </LaunchAction>
   <ProfileAction
      shouldUseLaunchSchemeArgsEnv = "YES"
      savedToolIdentifier = ""
      useCustomWorkingDirectory = "NO"
      buildConfiguration = "Release"
      debugDocumentVersioning = "YES">
      <BuildableProductRunnable>
         <BuildableReference
            BuildableIdentifier = "primary"
            BlueprintIdentifier = "C95EC1BB1464BD390058E3BE"
            BuildableName = "fruitstrap-demo.app"
            BlueprintName = "fruitstrap-demo"
            ReferencedContainer = "container:fruitstrap-demo.xcodeproj">
         </BuildableReference>
      </BuildableProductRunnable>
   </ProfileAction>
   <AnalyzeAction
      buildConfiguration = "Debug">
   </AnalyzeAction>
   <ArchiveAction
      buildConfiguration = "Release"
      revealArchiveInOrganizer = "YES">
   </ArchiveAction>
</Scheme>
